
Microsoft Visual Studio Solution File, Format Version 12.00
# Visual Studio Version 17
VisualStudioVersion = 17.5.002.0
MinimumVisualStudioVersion = 10.0.40219.1
Project("{9A19103F-16F7-4668-BE54-9A1E7A4F7556}") = "CapaPresentacionAdmin", "CapaPresentacionAdmin\CapaPresentacionAdmin.csproj", "{809B7915-EF73-4577-88DC-3AB1FC988B7A}"
EndProject
Project("{9A19103F-16F7-4668-BE54-9A1E7A4F7556}") = "CapaPresentacionTienda", "CapaPresentacionTienda\CapaPresentacionTienda.csproj", "{AF8923D8-916A-4BB2-9FB8-B952D39A90D5}"
EndProject
Project("{FAE04EC0-301F-11D3-BF4B-00C04F79EFBC}") = "CapaDatos", "CapaDatos\CapaDatos.csproj", "{066EED07-FC40-4D03-B05D-D60E415C067A}"
EndProject
Project("{FAE04EC0-301F-11D3-BF4B-00C04F79EFBC}") = "CapaEntidad", "CapaEntidad\CapaEntidad.csproj", "{BFFEB290-ABB9-4B4D-A32E-95FD1E4E8B3C}"
EndProject
Project("{FAE04EC0-301F-11D3-BF4B-00C04F79EFBC}") = "CapaNegocio", "CapaNegocio\CapaNegocio.csproj", "{4EFDD951-7719-4978-8CE1-81C0538B60D4}"
EndProject
Project("{FAE04EC0-301F-11D3-BF4B-00C04F79EFBC}") = "ClasesDatos", "ClasesDatos\ClasesDatos.csproj", "{E72BF824-5316-43A7-924C-55B42107F377}"
EndProject
Global
	GlobalSection(SolutionConfigurationPlatforms) = preSolution
		Debug|Any CPU = Debug|Any CPU
		Release|Any CPU = Release|Any CPU
	EndGlobalSection
	GlobalSection(ProjectConfigurationPlatforms) = postSolution
		{809B7915-EF73-4577-88DC-3AB1FC988B7A}.Debug|Any CPU.ActiveCfg = Debug|Any CPU
		{809B7915-EF73-4577-88DC-3AB1FC988B7A}.Debug|Any CPU.Build.0 = Debug|Any CPU
		{809B7915-EF73-4577-88DC-3AB1FC988B7A}.Release|Any CPU.ActiveCfg = Release|Any CPU
		{809B7915-EF73-4577-88DC-3AB1FC988B7A}.Release|Any CPU.Build.0 = Release|Any CPU
		{AF8923D8-916A-4BB2-9FB8-B952D39A90D5}.Debug|Any CPU.ActiveCfg = Debug|Any CPU
		{AF8923D8-916A-4BB2-9FB8-B952D39A90D5}.Debug|Any CPU.Build.0 = Debug|Any CPU
		{AF8923D8-916A-4BB2-9FB8-B952D39A90D5}.Release|Any CPU.ActiveCfg = Release|Any CPU
		{AF8923D8-916A-4BB2-9FB8-B952D39A90D5}.Release|Any CPU.Build.0 = Release|Any CPU
		{066EED07-FC40-4D03-B05D-D60E415C067A}.Debug|Any CPU.ActiveCfg = Debug|Any CPU
		{066EED07-FC40-4D03-B05D-D60E415C067A}.Debug|Any CPU.Build.0 = Debug|Any CPU
		{066EED07-FC40-4D03-B05D-D60E415C067A}.Release|Any CPU.ActiveCfg = Release|Any CPU
		{066EED07-FC40-4D03-B05D-D60E415C067A}.Release|Any CPU.Build.0 = Release|Any CPU
		{BFFEB290-ABB9-4B4D-A32E-95FD1E4E8B3C}.Debug|Any CPU.ActiveCfg = Debug|Any CPU
		{BFFEB290-ABB9-4B4D-A32E-95FD1E4E8B3C}.Debug|Any CPU.Build.0 = Debug|Any CPU
		{BFFEB290-ABB9-4B4D-A32E-95FD1E4E8B3C}.Release|Any CPU.ActiveCfg = Release|Any CPU
		{BFFEB290-ABB9-4B4D-A32E-95FD1E4E8B3C}.Release|Any CPU.Build.0 = Release|Any CPU
		{4EFDD951-7719-4978-8CE1-81C0538B60D4}.Debug|Any CPU.ActiveCfg = Debug|Any CPU
		{4EFDD951-7719-4978-8CE1-81C0538B60D4}.Debug|Any CPU.Build.0 = Debug|Any CPU
		{4EFDD951-7719-4978-8CE1-81C0538B60D4}.Release|Any CPU.ActiveCfg = Release|Any CPU
		{4EFDD951-7719-4978-8CE1-81C0538B60D4}.Release|Any CPU.Build.0 = Release|Any CPU
		{E72BF824-5316-43A7-924C-55B42107F377}.Debug|Any CPU.ActiveCfg = Debug|Any CPU
		{E72BF824-5316-43A7-924C-55B42107F377}.Debug|Any CPU.Build.0 = Debug|Any CPU
		{E72BF824-5316-43A7-924C-55B42107F377}.Release|Any CPU.ActiveCfg = Release|Any CPU
		{E72BF824-5316-43A7-924C-55B42107F377}.Release|Any CPU.Build.0 = Release|Any CPU
	EndGlobalSection
	GlobalSection(SolutionProperties) = preSolution
		HideSolutionNode = FALSE
	EndGlobalSection
	GlobalSection(ExtensibilityGlobals) = postSolution
		SolutionGuid = {1493052D-B2F4-444A-9FBD-D863179272A8}
	EndGlobalSection
EndGlobal
